
Microsoft Visual Studio Solution File, Format Version 12.00
# Visual Studio Version 16
VisualStudioVersion = 16.0.31624.102
MinimumVisualStudioVersion = 10.0.40219.1
Project("{9A19103F-16F7-4668-BE54-9A1E7A4F7556}") = "TodoApi", "TodoApi.csproj", "{37C0C3F4-4F11-4880-A075-B5A74A38FAFA}"
EndProject
Global
	GlobalSection(SolutionConfigurationPlatforms) = preSolution
		Debug|Any CPU = Debug|Any CPU
		Release|Any CPU = Release|Any CPU
	EndGlobalSection
	GlobalSection(ProjectConfigurationPlatforms) = postSolution
		{37C0C3F4-4F11-4880-A075-B5A74A38FAFA}.Debug|Any CPU.ActiveCfg = Debug|Any CPU
		{37C0C3F4-4F11-4880-A075-B5A74A38FAFA}.Debug|Any CPU.Build.0 = Debug|Any CPU
		{37C0C3F4-4F11-4880-A075-B5A74A38FAFA}.Release|Any CPU.ActiveCfg = Release|Any CPU
		{37C0C3F4-4F11-4880-A075-B5A74A38FAFA}.Release|Any CPU.Build.0 = Release|Any CPU
	EndGlobalSection
	GlobalSection(SolutionProperties) = preSolution
		HideSolutionNode = FALSE
	EndGlobalSection
	GlobalSection(ExtensibilityGlobals) = postSolution
		SolutionGuid = {220FFEEF-8943-430A-8589-BCDCA93D65E7}
	EndGlobalSection
EndGlobal
